<?xml version="1.0" encoding="UTF-8" standalone="yes" ?>
<CodeBlocks_project_file>
	<FileVersion major="1" minor="6" />
	<Project>
		<Option title="Documentation" />
		<Option pch_mode="2" />
		<Option compiler="gcc" />
		<Build>
			<Target title="default">
				<Option output="Documentation" prefix_auto="1" extension_auto="1" />
				<Option type="0" />
				<Option compiler="gcc" />
			</Target>
		</Build>
		<Unit filename="../../doc/Doxyfile" />
		<Unit filename="../../doc/Footer.html" />
		<Unit filename="../../doc/MainPage.txt" />
		<Unit filename="../../doc/examples/copy_tokens.cpp" />
		<Unit filename="../../doc/examples/insert_tokens.cpp" />
		<Extensions>
			<code_completion />
			<envvars />
			<debugger />
		</Extensions>
	</Project>
</CodeBlocks_project_file>
