<?xml version="1.0" encoding="UTF-8" standalone="yes" ?>
<CodeBlocks_project_file>
	<FileVersion major="1" minor="6" />
	<Project>
		<Option title="Project" />
		<Option pch_mode="2" />
		<Option compiler="gcc" />
		<Build>
			<Target title="default">
				<Option output="Project.exe" prefix_auto="1" extension_auto="1" />
				<Option type="0" />
				<Option compiler="gcc" />
			</Target>
		</Build>
		<Unit filename="../../Authors.txt" />
		<Unit filename="../../ChangeLog.txt" />
		<Unit filename="../../Copying" />
		<Unit filename="../../FAQ.txt" />
		<Unit filename="../../Install.txt" />
		<Unit filename="../../License.txt" />
		<Unit filename="../../News.txt" />
		<Unit filename="../../Problems.txt" />
		<Unit filename="../../Project.txt" />
		<Unit filename="../../Readme.txt.in" />
		<Unit filename="../../Release.txt" />
		<Unit filename="../../ToDo.txt" />
		<Extensions>
			<code_completion />
		</Extensions>
	</Project>
</CodeBlocks_project_file>
