<?xml version="1.0" encoding="UTF-8" standalone="yes" ?>
<CodeBlocks_project_file>
	<FileVersion major="1" minor="6" />
	<Project>
		<Option title="UnitTest" />
		<Option pch_mode="2" />
		<Option compiler="gcc" />
		<Build>
			<Target title="default">
				<Option output="UnitTest" prefix_auto="1" extension_auto="1" />
				<Option type="0" />
				<Option compiler="gcc" />
			</Target>
		</Build>
		<Compiler>
			<Add option="-Wall" />
		</Compiler>
		<Unit filename="../../unittest/Test-Fructose.cpp" />
		<Unit filename="../../unittest/Test-Logger.cpp" />
		<Unit filename="../../unittest/Test-Pair.cpp" />
		<Unit filename="../../unittest/Test-Tokenizer.cpp" />
		<Unit filename="../../unittest/Test-Utility.cpp" />
		<Unit filename="../../unittest/Test-WordIndex.cpp" />
		<Extensions>
			<code_completion />
			<envvars />
			<debugger />
		</Extensions>
	</Project>
</CodeBlocks_project_file>
